
Microsoft Visual Studio Solution File, Format Version 12.00
# Visual Studio Version 17
VisualStudioVersion = 17.4.33110.190
MinimumVisualStudioVersion = 10.0.40219.1
Project("{8BC9CEB8-8B4A-11D0-8D11-00A0C91BC942}") = "game_三子棋", "game_三子棋\game_三子棋.vcxproj", "{1E60C1A0-92FD-4145-B470-3E58A6BA4448}"
EndProject
Global
	GlobalSection(SolutionConfigurationPlatforms) = preSolution
		Debug|x64 = Debug|x64
		Debug|x86 = Debug|x86
		Release|x64 = Release|x64
		Release|x86 = Release|x86
	EndGlobalSection
	GlobalSection(ProjectConfigurationPlatforms) = postSolution
		{1E60C1A0-92FD-4145-B470-3E58A6BA4448}.Debug|x64.ActiveCfg = Debug|x64
		{1E60C1A0-92FD-4145-B470-3E58A6BA4448}.Debug|x64.Build.0 = Debug|x64
		{1E60C1A0-92FD-4145-B470-3E58A6BA4448}.Debug|x86.ActiveCfg = Debug|Win32
		{1E60C1A0-92FD-4145-B470-3E58A6BA4448}.Debug|x86.Build.0 = Debug|Win32
		{1E60C1A0-92FD-4145-B470-3E58A6BA4448}.Release|x64.ActiveCfg = Release|x64
		{1E60C1A0-92FD-4145-B470-3E58A6BA4448}.Release|x64.Build.0 = Release|x64
		{1E60C1A0-92FD-4145-B470-3E58A6BA4448}.Release|x86.ActiveCfg = Release|Win32
		{1E60C1A0-92FD-4145-B470-3E58A6BA4448}.Release|x86.Build.0 = Release|Win32
	EndGlobalSection
	GlobalSection(SolutionProperties) = preSolution
		HideSolutionNode = FALSE
	EndGlobalSection
	GlobalSection(ExtensibilityGlobals) = postSolution
		SolutionGuid = {A64C7D8E-B898-494C-886F-09C75FC9291A}
	EndGlobalSection
EndGlobal
